
Microsoft Visual Studio Solution File, Format Version 12.00
# Visual Studio 15
VisualStudioVersion = 15.0.27004.2009
MinimumVisualStudioVersion = 10.0.40219.1
Project("{FAE04EC0-301F-11D3-BF4B-00C04F79EFBC}") = "MathLibApp", "MathLibApp\MathLibApp.csproj", "{069D91B9-6DBC-4086-B90F-E9A427326CE7}"
EndProject
Project("{FAE04EC0-301F-11D3-BF4B-00C04F79EFBC}") = "MathLibTests", "MathLibTests\MathLibTests.csproj", "{53C15850-2D77-4DD3-AD51-550AD236B7E3}"
EndProject
Project("{FAE04EC0-301F-11D3-BF4B-00C04F79EFBC}") = "MathLibDLL", "MathLibDLL\MathLibDLL.csproj", "{CE012D25-CB81-4233-893A-CF245BCDAFAE}"
EndProject
Global
	GlobalSection(SolutionConfigurationPlatforms) = preSolution
		Debug|Any CPU = Debug|Any CPU
		Release|Any CPU = Release|Any CPU
	EndGlobalSection
	GlobalSection(ProjectConfigurationPlatforms) = postSolution
		{069D91B9-6DBC-4086-B90F-E9A427326CE7}.Debug|Any CPU.ActiveCfg = Debug|Any CPU
		{069D91B9-6DBC-4086-B90F-E9A427326CE7}.Debug|Any CPU.Build.0 = Debug|Any CPU
		{069D91B9-6DBC-4086-B90F-E9A427326CE7}.Release|Any CPU.ActiveCfg = Release|Any CPU
		{069D91B9-6DBC-4086-B90F-E9A427326CE7}.Release|Any CPU.Build.0 = Release|Any CPU
		{53C15850-2D77-4DD3-AD51-550AD236B7E3}.Debug|Any CPU.ActiveCfg = Debug|Any CPU
		{53C15850-2D77-4DD3-AD51-550AD236B7E3}.Debug|Any CPU.Build.0 = Debug|Any CPU
		{53C15850-2D77-4DD3-AD51-550AD236B7E3}.Release|Any CPU.ActiveCfg = Release|Any CPU
		{53C15850-2D77-4DD3-AD51-550AD236B7E3}.Release|Any CPU.Build.0 = Release|Any CPU
		{CE012D25-CB81-4233-893A-CF245BCDAFAE}.Debug|Any CPU.ActiveCfg = Debug|Any CPU
		{CE012D25-CB81-4233-893A-CF245BCDAFAE}.Debug|Any CPU.Build.0 = Debug|Any CPU
		{CE012D25-CB81-4233-893A-CF245BCDAFAE}.Release|Any CPU.ActiveCfg = Release|Any CPU
		{CE012D25-CB81-4233-893A-CF245BCDAFAE}.Release|Any CPU.Build.0 = Release|Any CPU
		{203A64E3-DCC1-49C7-BF36-C4AD22983B4A}.Debug|Any CPU.ActiveCfg = Debug|Any CPU
		{203A64E3-DCC1-49C7-BF36-C4AD22983B4A}.Debug|Any CPU.Build.0 = Debug|Any CPU
		{203A64E3-DCC1-49C7-BF36-C4AD22983B4A}.Release|Any CPU.ActiveCfg = Release|Any CPU
		{203A64E3-DCC1-49C7-BF36-C4AD22983B4A}.Release|Any CPU.Build.0 = Release|Any CPU
	EndGlobalSection
	GlobalSection(SolutionProperties) = preSolution
		HideSolutionNode = FALSE
	EndGlobalSection
	GlobalSection(ExtensibilityGlobals) = postSolution
		SolutionGuid = {1F9C3087-48B9-442F-AD16-8425007144B2}
	EndGlobalSection
EndGlobal
